
Microsoft Visual Studio Solution File, Format Version 12.00
# Visual Studio Version 17
VisualStudioVersion = 17.13.35931.197 d17.13
MinimumVisualStudioVersion = 10.0.40219.1
Project("{FAE04EC0-301F-11D3-BF4B-00C04F79EFBC}") = "StudentManagementSystem", "StudentManagementSystem.csproj", "{F81E46E9-4E17-4DD4-9E80-F28A13FB1880}"
EndProject
Project("{FAE04EC0-301F-11D3-BF4B-00C04F79EFBC}") = "SharedDataRepository", "..\SharedDataRepository\SharedDataRepository.csproj", "{DC0A6D2A-2B24-4E12-9465-BECA498F5D44}"
EndProject
Global
	GlobalSection(SolutionConfigurationPlatforms) = preSolution
		Debug|Any CPU = Debug|Any CPU
		Release|Any CPU = Release|Any CPU
	EndGlobalSection
	GlobalSection(ProjectConfigurationPlatforms) = postSolution
		{F81E46E9-4E17-4DD4-9E80-F28A13FB1880}.Debug|Any CPU.ActiveCfg = Debug|Any CPU
		{F81E46E9-4E17-4DD4-9E80-F28A13FB1880}.Debug|Any CPU.Build.0 = Debug|Any CPU
		{F81E46E9-4E17-4DD4-9E80-F28A13FB1880}.Release|Any CPU.ActiveCfg = Release|Any CPU
		{F81E46E9-4E17-4DD4-9E80-F28A13FB1880}.Release|Any CPU.Build.0 = Release|Any CPU
		{DC0A6D2A-2B24-4E12-9465-BECA498F5D44}.Debug|Any CPU.ActiveCfg = Debug|Any CPU
		{DC0A6D2A-2B24-4E12-9465-BECA498F5D44}.Debug|Any CPU.Build.0 = Debug|Any CPU
		{DC0A6D2A-2B24-4E12-9465-BECA498F5D44}.Release|Any CPU.ActiveCfg = Release|Any CPU
		{DC0A6D2A-2B24-4E12-9465-BECA498F5D44}.Release|Any CPU.Build.0 = Release|Any CPU
	EndGlobalSection
	GlobalSection(SolutionProperties) = preSolution
		HideSolutionNode = FALSE
	EndGlobalSection
	GlobalSection(ExtensibilityGlobals) = postSolution
		SolutionGuid = {2D1A087B-9BD1-44FB-AB53-46AAE2A0CD46}
	EndGlobalSection
EndGlobal
